
Microsoft Visual Studio Solution File, Format Version 12.00
# Visual Studio Version 17
VisualStudioVersion = 17.7.34024.191
MinimumVisualStudioVersion = 10.0.40219.1
Project("{FAE04EC0-301F-11D3-BF4B-00C04F79EFBC}") = "TwelveMage", "TwelveMage\TwelveMage.csproj", "{1D940BBE-E72C-469B-9A51-D6A760FCDF7B}"
EndProject
Global
	GlobalSection(SolutionConfigurationPlatforms) = preSolution
		Debug|Any CPU = Debug|Any CPU
		Release|Any CPU = Release|Any CPU
	EndGlobalSection
	GlobalSection(ProjectConfigurationPlatforms) = postSolution
		{1D940BBE-E72C-469B-9A51-D6A760FCDF7B}.Debug|Any CPU.ActiveCfg = Debug|Any CPU
		{1D940BBE-E72C-469B-9A51-D6A760FCDF7B}.Debug|Any CPU.Build.0 = Debug|Any CPU
		{1D940BBE-E72C-469B-9A51-D6A760FCDF7B}.Release|Any CPU.ActiveCfg = Release|Any CPU
		{1D940BBE-E72C-469B-9A51-D6A760FCDF7B}.Release|Any CPU.Build.0 = Release|Any CPU
	EndGlobalSection
	GlobalSection(SolutionProperties) = preSolution
		HideSolutionNode = FALSE
	EndGlobalSection
	GlobalSection(ExtensibilityGlobals) = postSolution
		SolutionGuid = {98DE6863-3CD1-4E8E-B24F-76F037FE290F}
	EndGlobalSection
EndGlobal
